
Microsoft Visual Studio Solution File, Format Version 12.00
# Visual Studio Version 17
VisualStudioVersion = 17.9.34622.214
MinimumVisualStudioVersion = 10.0.40219.1
Project("{FAE04EC0-301F-11D3-BF4B-00C04F79EFBC}") = "anketödevi", "anketödevi.csproj", "{39CB6961-767A-4418-AC4F-44A9F89CF5D1}"
EndProject
Global
	GlobalSection(SolutionConfigurationPlatforms) = preSolution
		Debug|Any CPU = Debug|Any CPU
		Release|Any CPU = Release|Any CPU
	EndGlobalSection
	GlobalSection(ProjectConfigurationPlatforms) = postSolution
		{39CB6961-767A-4418-AC4F-44A9F89CF5D1}.Debug|Any CPU.ActiveCfg = Debug|Any CPU
		{39CB6961-767A-4418-AC4F-44A9F89CF5D1}.Debug|Any CPU.Build.0 = Debug|Any CPU
		{39CB6961-767A-4418-AC4F-44A9F89CF5D1}.Release|Any CPU.ActiveCfg = Release|Any CPU
		{39CB6961-767A-4418-AC4F-44A9F89CF5D1}.Release|Any CPU.Build.0 = Release|Any CPU
	EndGlobalSection
	GlobalSection(SolutionProperties) = preSolution
		HideSolutionNode = FALSE
	EndGlobalSection
	GlobalSection(ExtensibilityGlobals) = postSolution
		SolutionGuid = {15D09962-06B1-4A70-9AD5-846049C5A750}
	EndGlobalSection
EndGlobal
